
Microsoft Visual Studio Solution File, Format Version 12.00
# Visual Studio 14
VisualStudioVersion = 14.0.25420.1
MinimumVisualStudioVersion = 10.0.40219.1
Project("{FAE04EC0-301F-11D3-BF4B-00C04F79EFBC}") = "GuaranteedRateProject", "GuaranteedRateProject\GuaranteedRateProject.csproj", "{AEA81F81-3FAC-4BC5-A2C9-88F5FE09D971}"
EndProject
Project("{FAE04EC0-301F-11D3-BF4B-00C04F79EFBC}") = "GuaranteedRateTestProject", "GuaranteedRateTestProject\GuaranteedRateTestProject.csproj", "{BCA95AF7-63B2-4566-BFC6-57719E07FBDB}"
EndProject
Global
	GlobalSection(SolutionConfigurationPlatforms) = preSolution
		Debug|Any CPU = Debug|Any CPU
		Release|Any CPU = Release|Any CPU
	EndGlobalSection
	GlobalSection(ProjectConfigurationPlatforms) = postSolution
		{AEA81F81-3FAC-4BC5-A2C9-88F5FE09D971}.Debug|Any CPU.ActiveCfg = Debug|Any CPU
		{AEA81F81-3FAC-4BC5-A2C9-88F5FE09D971}.Debug|Any CPU.Build.0 = Debug|Any CPU
		{AEA81F81-3FAC-4BC5-A2C9-88F5FE09D971}.Release|Any CPU.ActiveCfg = Release|Any CPU
		{AEA81F81-3FAC-4BC5-A2C9-88F5FE09D971}.Release|Any CPU.Build.0 = Release|Any CPU
		{BCA95AF7-63B2-4566-BFC6-57719E07FBDB}.Debug|Any CPU.ActiveCfg = Debug|Any CPU
		{BCA95AF7-63B2-4566-BFC6-57719E07FBDB}.Debug|Any CPU.Build.0 = Debug|Any CPU
		{BCA95AF7-63B2-4566-BFC6-57719E07FBDB}.Release|Any CPU.ActiveCfg = Release|Any CPU
		{BCA95AF7-63B2-4566-BFC6-57719E07FBDB}.Release|Any CPU.Build.0 = Release|Any CPU
	EndGlobalSection
	GlobalSection(SolutionProperties) = preSolution
		HideSolutionNode = FALSE
	EndGlobalSection
EndGlobal
